
Microsoft Visual Studio Solution File, Format Version 12.00
# Visual Studio Version 17
VisualStudioVersion = 17.9.34902.65
MinimumVisualStudioVersion = 10.0.40219.1
Project("{FAE04EC0-301F-11D3-BF4B-00C04F79EFBC}") = "TtxEdr", "TtxEdr.csproj", "{3446053F-0B6F-4985-82A3-BA252AC3CA0F}"
EndProject
Global
	GlobalSection(SolutionConfigurationPlatforms) = preSolution
		Debug|Any CPU = Debug|Any CPU
		Release|Any CPU = Release|Any CPU
	EndGlobalSection
	GlobalSection(ProjectConfigurationPlatforms) = postSolution
		{3446053F-0B6F-4985-82A3-BA252AC3CA0F}.Debug|Any CPU.ActiveCfg = Debug|Any CPU
		{3446053F-0B6F-4985-82A3-BA252AC3CA0F}.Debug|Any CPU.Build.0 = Debug|Any CPU
		{3446053F-0B6F-4985-82A3-BA252AC3CA0F}.Release|Any CPU.ActiveCfg = Release|Any CPU
		{3446053F-0B6F-4985-82A3-BA252AC3CA0F}.Release|Any CPU.Build.0 = Release|Any CPU
	EndGlobalSection
	GlobalSection(SolutionProperties) = preSolution
		HideSolutionNode = FALSE
	EndGlobalSection
	GlobalSection(ExtensibilityGlobals) = postSolution
		SolutionGuid = {D616D1CA-479C-4A71-9733-70A7F883E3E1}
	EndGlobalSection
EndGlobal
